
Microsoft Visual Studio Solution File, Format Version 12.00
# Visual Studio Version 17
VisualStudioVersion = 17.11.35222.181
MinimumVisualStudioVersion = 10.0.40219.1
Project("{9A19103F-16F7-4668-BE54-9A1E7A4F7556}") = "ProjectManagementAppAPI", "ProjectManagementAppAPI\ProjectManagementAppAPI.csproj", "{F80FD51A-9117-40CA-99CE-C3F52251A32A}"
EndProject
Project("{2150E333-8FDC-42A3-9474-1A3956D46DE8}") = "User", "User", "{4A4D0B1A-424B-470A-8EF2-3AD47C519844}"
EndProject
Project("{9A19103F-16F7-4668-BE54-9A1E7A4F7556}") = "ProjectManagementAppAPI.User.Data.Model", "ProjectManagementAppAPI.User.Data.Model\ProjectManagementAppAPI.User.Data.Model.csproj", "{8DC8CE2B-DE92-4274-BFAA-C414728FFA80}"
EndProject
Project("{2150E333-8FDC-42A3-9474-1A3956D46DE8}") = "Project", "Project", "{8903C486-3749-4F7B-8853-616199022573}"
EndProject
Project("{9A19103F-16F7-4668-BE54-9A1E7A4F7556}") = "ProjectManagementAppAPI.Project.Data.Model", "ProjectManagementAppAPI.Project.Data.Model\ProjectManagementAppAPI.Project.Data.Model.csproj", "{2E199EF8-3632-4918-B8F4-56769669BA2E}"
EndProject
Project("{2150E333-8FDC-42A3-9474-1A3956D46DE8}") = "Board", "Board", "{68346C19-B638-4323-A4CD-AFEC872A89F7}"
EndProject
Project("{9A19103F-16F7-4668-BE54-9A1E7A4F7556}") = "ProjectManagementAppAPI.Board.Data.Model", "ProjectManagementAppAPI.Board.Data.Model\ProjectManagementAppAPI.Board.Data.Model.csproj", "{A708EDB9-5A6A-4173-8C58-73E536072792}"
EndProject
Project("{2150E333-8FDC-42A3-9474-1A3956D46DE8}") = "List", "List", "{DAB4BA1C-B508-4DBD-B46F-24C8C3335DD5}"
EndProject
Project("{9A19103F-16F7-4668-BE54-9A1E7A4F7556}") = "ProjectManagementAppAPI.List.Data.Model", "ProjectManagementAppAPI.List.Data.Model\ProjectManagementAppAPI.List.Data.Model.csproj", "{76F434A6-76EF-484D-843C-D3FCA9B0EF11}"
EndProject
Project("{2150E333-8FDC-42A3-9474-1A3956D46DE8}") = "Task", "Task", "{E94870EF-D85C-4696-89C2-6C7C429C1489}"
EndProject
Project("{9A19103F-16F7-4668-BE54-9A1E7A4F7556}") = "ProjectManagementAppAPI.Task.Data.Model", "ProjectManagementAppAPI.Task.Data.Model\ProjectManagementAppAPI.Task.Data.Model.csproj", "{D8ED4760-9A01-42DE-8887-C29E1A058B3F}"
EndProject
Project("{2150E333-8FDC-42A3-9474-1A3956D46DE8}") = "Comment", "Comment", "{8A0C6B12-CFF7-4D79-9F54-29E89F220E48}"
EndProject
Project("{9A19103F-16F7-4668-BE54-9A1E7A4F7556}") = "ProjectManagementAppAPI.Comment.Data.Model", "ProjectManagementAppAPI.Comment.Data.Model\ProjectManagementAppAPI.Comment.Data.Model.csproj", "{298FF344-4EB2-48D1-9BF5-CBE3444AC315}"
EndProject
Project("{2150E333-8FDC-42A3-9474-1A3956D46DE8}") = "Attachment", "Attachment", "{2B250B1C-3802-40D9-8436-EEC32B126773}"
EndProject
Project("{9A19103F-16F7-4668-BE54-9A1E7A4F7556}") = "ProjectManagementAppAPI.Attachment.Data.Model", "ProjectManagementAppAPI.Attachment.Data.Model\ProjectManagementAppAPI.Attachment.Data.Model.csproj", "{2AC1C128-1E87-43B0-A845-7595587E919A}"
EndProject
Project("{2150E333-8FDC-42A3-9474-1A3956D46DE8}") = "ActivityLog", "ActivityLog", "{A5E74E6C-D3CB-42D6-8641-9EE8D9E9C1FE}"
EndProject
Project("{9A19103F-16F7-4668-BE54-9A1E7A4F7556}") = "ProjectManagementAppAPI.ActivityLog.Data.Model", "ProjectManagementAppAPI.ActivityLog.Data.Model\ProjectManagementAppAPI.ActivityLog.Data.Model.csproj", "{5767197A-E13B-4753-A242-87F6B7750FD4}"
EndProject
Project("{9A19103F-16F7-4668-BE54-9A1E7A4F7556}") = "ProjectManagementAppAPI.User.Data.Access", "ProjectManagementAppAPI.User.Data.Access\ProjectManagementAppAPI.User.Data.Access.csproj", "{D7899EE9-7206-42B7-9329-C051141083A6}"
EndProject
Project("{9A19103F-16F7-4668-BE54-9A1E7A4F7556}") = "ProjectManagementAppAPI.Project.Data.Access", "ProjectManagementAppAPI.Project.Data.Access\ProjectManagementAppAPI.Project.Data.Access.csproj", "{C4B920EE-E476-4931-B496-3904F5771797}"
EndProject
Project("{9A19103F-16F7-4668-BE54-9A1E7A4F7556}") = "ProjectManagementAppAPI.Task.Data.Access", "ProjectManagementAppAPI.Task.Data.Access\ProjectManagementAppAPI.Task.Data.Access.csproj", "{B168278F-3B02-4588-AF5D-0B3950B63CAD}"
EndProject
Project("{9A19103F-16F7-4668-BE54-9A1E7A4F7556}") = "ProjectManagementAppAPI.List.Data.Access", "ProjectManagementAppAPI.List.Data.Access\ProjectManagementAppAPI.List.Data.Access.csproj", "{E06A0868-561F-4D2A-90C2-873F96BA75B8}"
EndProject
Project("{9A19103F-16F7-4668-BE54-9A1E7A4F7556}") = "ProjectManagementAppAPI.Comment.Data.Access", "ProjectManagementAppAPI.Comment.Data.Access\ProjectManagementAppAPI.Comment.Data.Access.csproj", "{5391AF2A-8032-43AD-A780-40B0FDAC9317}"
EndProject
Project("{9A19103F-16F7-4668-BE54-9A1E7A4F7556}") = "ProjectManagementAppAPI.Board.Data.Access", "ProjectManagementAppAPI.Board.Data.Access\ProjectManagementAppAPI.Board.Data.Access.csproj", "{6E1DD85F-2D43-439F-835A-0B51E1F45DCE}"
EndProject
Project("{9A19103F-16F7-4668-BE54-9A1E7A4F7556}") = "ProjectManagementAppAPI.Attachment.Data.Access", "ProjectManagementAppAPI.Attachment.Data.Access\ProjectManagementAppAPI.Attachment.Data.Access.csproj", "{8081AB68-A909-4113-BB49-3692710135DC}"
EndProject
Project("{9A19103F-16F7-4668-BE54-9A1E7A4F7556}") = "ProjectManagementAppAPI.ActivityLog.Data.Access", "ProjectManagementAppAPI.ActivityLog.Data.Access\ProjectManagementAppAPI.ActivityLog.Data.Access.csproj", "{BAFC7C9F-ECA8-44E4-96BA-E62D2BDF0F15}"
EndProject
Project("{FAE04EC0-301F-11D3-BF4B-00C04F79EFBC}") = "ProjectManagementAppAPI.User.Business", "ProjectManagementAppAPI.User.Business\ProjectManagementAppAPI.User.Business.csproj", "{1CC3971C-B5E0-4009-876C-B3AEF4D9EA13}"
EndProject
Project("{FAE04EC0-301F-11D3-BF4B-00C04F79EFBC}") = "ProjectManagementAppAPI.Data.Access", "ProjectManagementAppAPI.Data.Access\ProjectManagementAppAPI.Data.Access.csproj", "{6CE6CF25-7EA0-4EC6-8A56-B194FE62D431}"
EndProject
Project("{2150E333-8FDC-42A3-9474-1A3956D46DE8}") = "Common", "Common", "{02EA681E-C7D8-13C7-8484-4AC65E1B71E8}"
EndProject
Global
	GlobalSection(SolutionConfigurationPlatforms) = preSolution
		Debug|Any CPU = Debug|Any CPU
		Release|Any CPU = Release|Any CPU
	EndGlobalSection
	GlobalSection(ProjectConfigurationPlatforms) = postSolution
		{F80FD51A-9117-40CA-99CE-C3F52251A32A}.Debug|Any CPU.ActiveCfg = Debug|Any CPU
		{F80FD51A-9117-40CA-99CE-C3F52251A32A}.Debug|Any CPU.Build.0 = Debug|Any CPU
		{F80FD51A-9117-40CA-99CE-C3F52251A32A}.Release|Any CPU.ActiveCfg = Release|Any CPU
		{F80FD51A-9117-40CA-99CE-C3F52251A32A}.Release|Any CPU.Build.0 = Release|Any CPU
		{8DC8CE2B-DE92-4274-BFAA-C414728FFA80}.Debug|Any CPU.ActiveCfg = Debug|Any CPU
		{8DC8CE2B-DE92-4274-BFAA-C414728FFA80}.Debug|Any CPU.Build.0 = Debug|Any CPU
		{8DC8CE2B-DE92-4274-BFAA-C414728FFA80}.Release|Any CPU.ActiveCfg = Release|Any CPU
		{8DC8CE2B-DE92-4274-BFAA-C414728FFA80}.Release|Any CPU.Build.0 = Release|Any CPU
		{2E199EF8-3632-4918-B8F4-56769669BA2E}.Debug|Any CPU.ActiveCfg = Debug|Any CPU
		{2E199EF8-3632-4918-B8F4-56769669BA2E}.Debug|Any CPU.Build.0 = Debug|Any CPU
		{2E199EF8-3632-4918-B8F4-56769669BA2E}.Release|Any CPU.ActiveCfg = Release|Any CPU
		{2E199EF8-3632-4918-B8F4-56769669BA2E}.Release|Any CPU.Build.0 = Release|Any CPU
		{A708EDB9-5A6A-4173-8C58-73E536072792}.Debug|Any CPU.ActiveCfg = Debug|Any CPU
		{A708EDB9-5A6A-4173-8C58-73E536072792}.Debug|Any CPU.Build.0 = Debug|Any CPU
		{A708EDB9-5A6A-4173-8C58-73E536072792}.Release|Any CPU.ActiveCfg = Release|Any CPU
		{A708EDB9-5A6A-4173-8C58-73E536072792}.Release|Any CPU.Build.0 = Release|Any CPU
		{76F434A6-76EF-484D-843C-D3FCA9B0EF11}.Debug|Any CPU.ActiveCfg = Debug|Any CPU
		{76F434A6-76EF-484D-843C-D3FCA9B0EF11}.Debug|Any CPU.Build.0 = Debug|Any CPU
		{76F434A6-76EF-484D-843C-D3FCA9B0EF11}.Release|Any CPU.ActiveCfg = Release|Any CPU
		{76F434A6-76EF-484D-843C-D3FCA9B0EF11}.Release|Any CPU.Build.0 = Release|Any CPU
		{D8ED4760-9A01-42DE-8887-C29E1A058B3F}.Debug|Any CPU.ActiveCfg = Debug|Any CPU
		{D8ED4760-9A01-42DE-8887-C29E1A058B3F}.Debug|Any CPU.Build.0 = Debug|Any CPU
		{D8ED4760-9A01-42DE-8887-C29E1A058B3F}.Release|Any CPU.ActiveCfg = Release|Any CPU
		{D8ED4760-9A01-42DE-8887-C29E1A058B3F}.Release|Any CPU.Build.0 = Release|Any CPU
		{298FF344-4EB2-48D1-9BF5-CBE3444AC315}.Debug|Any CPU.ActiveCfg = Debug|Any CPU
		{298FF344-4EB2-48D1-9BF5-CBE3444AC315}.Debug|Any CPU.Build.0 = Debug|Any CPU
		{298FF344-4EB2-48D1-9BF5-CBE3444AC315}.Release|Any CPU.ActiveCfg = Release|Any CPU
		{298FF344-4EB2-48D1-9BF5-CBE3444AC315}.Release|Any CPU.Build.0 = Release|Any CPU
		{2AC1C128-1E87-43B0-A845-7595587E919A}.Debug|Any CPU.ActiveCfg = Debug|Any CPU
		{2AC1C128-1E87-43B0-A845-7595587E919A}.Debug|Any CPU.Build.0 = Debug|Any CPU
		{2AC1C128-1E87-43B0-A845-7595587E919A}.Release|Any CPU.ActiveCfg = Release|Any CPU
		{2AC1C128-1E87-43B0-A845-7595587E919A}.Release|Any CPU.Build.0 = Release|Any CPU
		{5767197A-E13B-4753-A242-87F6B7750FD4}.Debug|Any CPU.ActiveCfg = Debug|Any CPU
		{5767197A-E13B-4753-A242-87F6B7750FD4}.Debug|Any CPU.Build.0 = Debug|Any CPU
		{5767197A-E13B-4753-A242-87F6B7750FD4}.Release|Any CPU.ActiveCfg = Release|Any CPU
		{5767197A-E13B-4753-A242-87F6B7750FD4}.Release|Any CPU.Build.0 = Release|Any CPU
		{D7899EE9-7206-42B7-9329-C051141083A6}.Debug|Any CPU.ActiveCfg = Debug|Any CPU
		{D7899EE9-7206-42B7-9329-C051141083A6}.Debug|Any CPU.Build.0 = Debug|Any CPU
		{D7899EE9-7206-42B7-9329-C051141083A6}.Release|Any CPU.ActiveCfg = Release|Any CPU
		{D7899EE9-7206-42B7-9329-C051141083A6}.Release|Any CPU.Build.0 = Release|Any CPU
		{C4B920EE-E476-4931-B496-3904F5771797}.Debug|Any CPU.ActiveCfg = Debug|Any CPU
		{C4B920EE-E476-4931-B496-3904F5771797}.Debug|Any CPU.Build.0 = Debug|Any CPU
		{C4B920EE-E476-4931-B496-3904F5771797}.Release|Any CPU.ActiveCfg = Release|Any CPU
		{C4B920EE-E476-4931-B496-3904F5771797}.Release|Any CPU.Build.0 = Release|Any CPU
		{B168278F-3B02-4588-AF5D-0B3950B63CAD}.Debug|Any CPU.ActiveCfg = Debug|Any CPU
		{B168278F-3B02-4588-AF5D-0B3950B63CAD}.Debug|Any CPU.Build.0 = Debug|Any CPU
		{B168278F-3B02-4588-AF5D-0B3950B63CAD}.Release|Any CPU.ActiveCfg = Release|Any CPU
		{B168278F-3B02-4588-AF5D-0B3950B63CAD}.Release|Any CPU.Build.0 = Release|Any CPU
		{E06A0868-561F-4D2A-90C2-873F96BA75B8}.Debug|Any CPU.ActiveCfg = Debug|Any CPU
		{E06A0868-561F-4D2A-90C2-873F96BA75B8}.Debug|Any CPU.Build.0 = Debug|Any CPU
		{E06A0868-561F-4D2A-90C2-873F96BA75B8}.Release|Any CPU.ActiveCfg = Release|Any CPU
		{E06A0868-561F-4D2A-90C2-873F96BA75B8}.Release|Any CPU.Build.0 = Release|Any CPU
		{5391AF2A-8032-43AD-A780-40B0FDAC9317}.Debug|Any CPU.ActiveCfg = Debug|Any CPU
		{5391AF2A-8032-43AD-A780-40B0FDAC9317}.Debug|Any CPU.Build.0 = Debug|Any CPU
		{5391AF2A-8032-43AD-A780-40B0FDAC9317}.Release|Any CPU.ActiveCfg = Release|Any CPU
		{5391AF2A-8032-43AD-A780-40B0FDAC9317}.Release|Any CPU.Build.0 = Release|Any CPU
		{6E1DD85F-2D43-439F-835A-0B51E1F45DCE}.Debug|Any CPU.ActiveCfg = Debug|Any CPU
		{6E1DD85F-2D43-439F-835A-0B51E1F45DCE}.Debug|Any CPU.Build.0 = Debug|Any CPU
		{6E1DD85F-2D43-439F-835A-0B51E1F45DCE}.Release|Any CPU.ActiveCfg = Release|Any CPU
		{6E1DD85F-2D43-439F-835A-0B51E1F45DCE}.Release|Any CPU.Build.0 = Release|Any CPU
		{8081AB68-A909-4113-BB49-3692710135DC}.Debug|Any CPU.ActiveCfg = Debug|Any CPU
		{8081AB68-A909-4113-BB49-3692710135DC}.Debug|Any CPU.Build.0 = Debug|Any CPU
		{8081AB68-A909-4113-BB49-3692710135DC}.Release|Any CPU.ActiveCfg = Release|Any CPU
		{8081AB68-A909-4113-BB49-3692710135DC}.Release|Any CPU.Build.0 = Release|Any CPU
		{BAFC7C9F-ECA8-44E4-96BA-E62D2BDF0F15}.Debug|Any CPU.ActiveCfg = Debug|Any CPU
		{BAFC7C9F-ECA8-44E4-96BA-E62D2BDF0F15}.Debug|Any CPU.Build.0 = Debug|Any CPU
		{BAFC7C9F-ECA8-44E4-96BA-E62D2BDF0F15}.Release|Any CPU.ActiveCfg = Release|Any CPU
		{BAFC7C9F-ECA8-44E4-96BA-E62D2BDF0F15}.Release|Any CPU.Build.0 = Release|Any CPU
		{1CC3971C-B5E0-4009-876C-B3AEF4D9EA13}.Debug|Any CPU.ActiveCfg = Debug|Any CPU
		{1CC3971C-B5E0-4009-876C-B3AEF4D9EA13}.Debug|Any CPU.Build.0 = Debug|Any CPU
		{1CC3971C-B5E0-4009-876C-B3AEF4D9EA13}.Release|Any CPU.ActiveCfg = Release|Any CPU
		{1CC3971C-B5E0-4009-876C-B3AEF4D9EA13}.Release|Any CPU.Build.0 = Release|Any CPU
		{6CE6CF25-7EA0-4EC6-8A56-B194FE62D431}.Debug|Any CPU.ActiveCfg = Debug|Any CPU
		{6CE6CF25-7EA0-4EC6-8A56-B194FE62D431}.Debug|Any CPU.Build.0 = Debug|Any CPU
		{6CE6CF25-7EA0-4EC6-8A56-B194FE62D431}.Release|Any CPU.ActiveCfg = Release|Any CPU
		{6CE6CF25-7EA0-4EC6-8A56-B194FE62D431}.Release|Any CPU.Build.0 = Release|Any CPU
	EndGlobalSection
	GlobalSection(SolutionProperties) = preSolution
		HideSolutionNode = FALSE
	EndGlobalSection
	GlobalSection(NestedProjects) = preSolution
		{8DC8CE2B-DE92-4274-BFAA-C414728FFA80} = {4A4D0B1A-424B-470A-8EF2-3AD47C519844}
		{2E199EF8-3632-4918-B8F4-56769669BA2E} = {8903C486-3749-4F7B-8853-616199022573}
		{A708EDB9-5A6A-4173-8C58-73E536072792} = {68346C19-B638-4323-A4CD-AFEC872A89F7}
		{76F434A6-76EF-484D-843C-D3FCA9B0EF11} = {DAB4BA1C-B508-4DBD-B46F-24C8C3335DD5}
		{D8ED4760-9A01-42DE-8887-C29E1A058B3F} = {E94870EF-D85C-4696-89C2-6C7C429C1489}
		{298FF344-4EB2-48D1-9BF5-CBE3444AC315} = {8A0C6B12-CFF7-4D79-9F54-29E89F220E48}
		{2AC1C128-1E87-43B0-A845-7595587E919A} = {2B250B1C-3802-40D9-8436-EEC32B126773}
		{5767197A-E13B-4753-A242-87F6B7750FD4} = {A5E74E6C-D3CB-42D6-8641-9EE8D9E9C1FE}
		{D7899EE9-7206-42B7-9329-C051141083A6} = {4A4D0B1A-424B-470A-8EF2-3AD47C519844}
		{C4B920EE-E476-4931-B496-3904F5771797} = {8903C486-3749-4F7B-8853-616199022573}
		{B168278F-3B02-4588-AF5D-0B3950B63CAD} = {E94870EF-D85C-4696-89C2-6C7C429C1489}
		{E06A0868-561F-4D2A-90C2-873F96BA75B8} = {DAB4BA1C-B508-4DBD-B46F-24C8C3335DD5}
		{5391AF2A-8032-43AD-A780-40B0FDAC9317} = {8A0C6B12-CFF7-4D79-9F54-29E89F220E48}
		{6E1DD85F-2D43-439F-835A-0B51E1F45DCE} = {68346C19-B638-4323-A4CD-AFEC872A89F7}
		{8081AB68-A909-4113-BB49-3692710135DC} = {2B250B1C-3802-40D9-8436-EEC32B126773}
		{BAFC7C9F-ECA8-44E4-96BA-E62D2BDF0F15} = {A5E74E6C-D3CB-42D6-8641-9EE8D9E9C1FE}
		{1CC3971C-B5E0-4009-876C-B3AEF4D9EA13} = {4A4D0B1A-424B-470A-8EF2-3AD47C519844}
		{6CE6CF25-7EA0-4EC6-8A56-B194FE62D431} = {02EA681E-C7D8-13C7-8484-4AC65E1B71E8}
	EndGlobalSection
	GlobalSection(ExtensibilityGlobals) = postSolution
		SolutionGuid = {1C29EBCC-082C-4A30-A930-B188CC6D72EA}
	EndGlobalSection
EndGlobal
